
Microsoft Visual Studio Solution File, Format Version 12.00
# Visual Studio 15
VisualStudioVersion = 15.0.28307.421
MinimumVisualStudioVersion = 10.0.40219.1
Project("{FAE04EC0-301F-11D3-BF4B-00C04F79EFBC}") = "senaiPizzarias_API", "senaiPizzarias_API\senaiPizzarias_API.csproj", "{5F81E3C0-1BA9-4CF5-8142-511242BC6CFC}"
EndProject
Global
	GlobalSection(SolutionConfigurationPlatforms) = preSolution
		Debug|Any CPU = Debug|Any CPU
		Release|Any CPU = Release|Any CPU
	EndGlobalSection
	GlobalSection(ProjectConfigurationPlatforms) = postSolution
		{5F81E3C0-1BA9-4CF5-8142-511242BC6CFC}.Debug|Any CPU.ActiveCfg = Debug|Any CPU
		{5F81E3C0-1BA9-4CF5-8142-511242BC6CFC}.Debug|Any CPU.Build.0 = Debug|Any CPU
		{5F81E3C0-1BA9-4CF5-8142-511242BC6CFC}.Release|Any CPU.ActiveCfg = Release|Any CPU
		{5F81E3C0-1BA9-4CF5-8142-511242BC6CFC}.Release|Any CPU.Build.0 = Release|Any CPU
	EndGlobalSection
	GlobalSection(SolutionProperties) = preSolution
		HideSolutionNode = FALSE
	EndGlobalSection
	GlobalSection(ExtensibilityGlobals) = postSolution
		SolutionGuid = {99914C47-E284-4209-93FD-EA0FC270F60B}
	EndGlobalSection
EndGlobal
